{
  "originHash" : "4c42066350263043eecfacac4bb9bb0474e30f30769862df0141e07cda71063f",
  "pins" : [
    {
      "identity" : "binarycodable",
      "kind" : "remoteSourceControl",
      "location" : "https://github.com/christophhagen/BinaryCodable",
      "state" : {
        "revision" : "f4bdd82c5da4a825634bd32c3b2ef70faa773143",
        "version" : "3.0.3"
      }
    }
  ],
  "version" : 3
}
